// !$*UTF8*$!
{
	archiveVersion = 1;
	classes = {
	};
	objectVersion = 48;
	objects = {

/* Begin PBXBuildFile section */
		AFF652BE207D34E200672C79 /* AppDelegate.swift in Sources */ = {isa = PBXBuildFile; fileRef = AFF652BD207D34E200672C79 /* AppDelegate.swift */; };
		AFF652C0207D34E200672C79 /* ViewController.swift in Sources */ = {isa = PBXBuildFile; fileRef = AFF652BF207D34E200672C79 /* ViewController.swift */; };
		AFF652C3207D34E200672C79 /* Main.storyboard in Resources */ = {isa = PBXBuildFile; fileRef = AFF652C1207D34E200672C79 /* Main.storyboard */; };
		AFF652C6207D34E200672C79 /* bezierPathPractice.xcdatamodeld in Sources */ = {isa = PBXBuildFile; fileRef = AFF652C4207D34E200672C79 /* bezierPathPractice.xcdatamodeld */; };
		AFF652C8207D34E200672C79 /* Assets.xcassets in Resources */ = {isa = PBXBuildFile; fileRef = AFF652C7207D34E200672C79 /* Assets.xcassets */; };
		AFF652CB207D34E200672C79 /* LaunchScreen.storyboard in Resources */ = {isa = PBXBuildFile; fileRef = AFF652C9207D34E200672C79 /* LaunchScreen.storyboard */; };
/* End PBXBuildFile section */

/* Begin PBXFileReference section */
		AFF652BA207D34E200672C79 /* bezierPathPractice.app */ = {isa = PBXFileReference; explicitFileType = wrapper.application; includeInIndex = 0; path = bezierPathPractice.app; sourceTree = BUILT_PRODUCTS_DIR; };
		AFF652BD207D34E200672C79 /* AppDelegate.swift */ = {isa = PBXFileReference; lastKnownFileType = sourcecode.swift; path = AppDelegate.swift; sourceTree = "<group>"; };
		AFF652BF207D34E200672C79 /* ViewController.swift */ = {isa = PBXFileReference; lastKnownFileType = sourcecode.swift; path = ViewController.swift; sourceTree = "<group>"; };
		AFF652C2207D34E200672C79 /* Base */ = {isa = PBXFileReference; lastKnownFileType = file.storyboard; name = Base; path = Base.lproj/Main.storyboard; sourceTree = "<group>"; };
		AFF652C5207D34E200672C79 /* bezierPathPractice.xcdatamodel */ = {isa = PBXFileReference; lastKnownFileType = wrapper.xcdatamodel; path = bezierPathPractice.xcdatamodel; sourceTree = "<group>"; };
		AFF652C7207D34E200672C79 /* Assets.xcassets */ = {isa = PBXFileReference; lastKnownFileType = folder.assetcatalog; path = Assets.xcassets; sourceTree = "<group>"; };
		AFF652CA207D34E200672C79 /* Base */ = {isa = PBXFileReference; lastKnownFileType = file.storyboard; name = Base; path = Base.lproj/LaunchScreen.storyboard; sourceTree = "<group>"; };
		AFF652CC207D34E200672C79 /* Info.plist */ = {isa = PBXFileReference; lastKnownFileType = text.plist.xml; path = Info.plist; sourceTree = "<group>"; };
/* End PBXFileReference section */

/* Begin PBXFrameworksBuildPhase section */
		AFF652B7207D34E200672C79 /* Frameworks */ = {
			isa = PBXFrameworksBuildPhase;
			buildActionMask = 2147483647;
			files = (
			);
			runOnlyForDeploymentPostprocessing = 0;
		};
/* End PBXFrameworksBuildPhase section */

/* Begin PBXGroup section */
		AFF652B1207D34E200672C79 = {
			isa = PBXGroup;
			children = (
				AFF652BC207D34E200672C79 /* bezierPathPractice */,
				AFF652BB207D34E200672C79 /* Products */,
			);
			sourceTree = "<group>";
		};
		AFF652BB207D34E200672C79 /* Products */ = {
			isa = PBXGroup;
			children = (
				AFF652BA207D34E200672C79 /* bezierPathPractice.app */,
			);
			name = Products;
			sourceTree = "<group>";
		};
		AFF652BC207D34E200672C79 /* bezierPathPractice */ = {
			isa = PBXGroup;
			children = (
				AFF652BD207D34E200672C79 /* AppDelegate.swift */,
				AFF652BF207D34E200672C79 /* ViewController.swift */,
				AFF652C1207D34E200672C79 /* Main.storyboard */,
				AFF652C7207D34E200672C79 /* Assets.xcassets */,
				AFF652C9207D34E200672C79 /* LaunchScreen.storyboard */,
				AFF652CC207D34E200672C79 /* Info.plist */,
				AFF652C4207D34E200672C79 /* bezierPathPractice.xcdatamodeld */,
			);
			path = bezierPathPractice;
			sourceTree = "<group>";
		};
/* End PBXGroup section */

/* Begin PBXNativeTarget section */
		AFF652B9207D34E200672C79 /* bezierPathPractice */ = {
			isa = PBXNativeTarget;
			buildConfigurationList = AFF652CF207D34E200672C79 /* Build configuration list for PBXNativeTarget "bezierPathPractice" */;
			buildPhases = (
				AFF652B6207D34E200672C79 /* Sources */,
				AFF652B7207D34E200672C79 /* Frameworks */,
				AFF652B8207D34E200672C79 /* Resources */,
			);
			buildRules = (
			);
			dependencies = (
			);
			name = bezierPathPractice;
			productName = bezierPathPractice;
			productReference = AFF652BA207D34E200672C79 /* bezierPathPractice.app */;
			productType = "com.apple.product-type.application";
		};
/* End PBXNativeTarget section */

/* Begin PBXProject section */
		AFF652B2207D34E200672C79 /* Project object */ = {
			isa = PBXProject;
			attributes = {
				LastSwiftUpdateCheck = 0920;
				LastUpgradeCheck = 0920;
				ORGANIZATIONNAME = Northwest;
				TargetAttributes = {
					AFF652B9207D34E200672C79 = {
						CreatedOnToolsVersion = 9.2;
						ProvisioningStyle = Automatic;
					};
				};
			};
			buildConfigurationList = AFF652B5207D34E200672C79 /* Build configuration list for PBXProject "bezierPathPractice" */;
			compatibilityVersion = "Xcode 8.0";
			developmentRegion = en;
			hasScannedForEncodings = 0;
			knownRegions = (
				en,
				Base,
			);
			mainGroup = AFF652B1207D34E200672C79;
			productRefGroup = AFF652BB207D34E200672C79 /* Products */;
			projectDirPath = "";
			projectRoot = "";
			targets = (
				AFF652B9207D34E200672C79 /* bezierPathPractice */,
			);
		};
/* End PBXProject section */

/* Begin PBXResourcesBuildPhase section */
		AFF652B8207D34E200672C79 /* Resources */ = {
			isa = PBXResourcesBuildPhase;
			buildActionMask = 2147483647;
			files = (
				AFF652CB207D34E200672C79 /* LaunchScreen.storyboard in Resources */,
				AFF652C8207D34E200672C79 /* Assets.xcassets in Resources */,
				AFF652C3207D34E200672C79 /* Main.storyboard in Resources */,
			);
			runOnlyForDeploymentPostprocessing = 0;
		};
/* End PBXResourcesBuildPhase section */

/* Begin PBXSourcesBuildPhase section */
		AFF652B6207D34E200672C79 /* Sources */ = {
			isa = PBXSourcesBuildPhase;
			buildActionMask = 2147483647;
			files = (
				AFF652C0207D34E200672C79 /* ViewController.swift in Sources */,
				AFF652C6207D34E200672C79 /* bezierPathPractice.xcdatamodeld in Sources */,
				AFF652BE207D34E200672C79 /* AppDelegate.swift in Sources */,
			);
			runOnlyForDeploymentPostprocessing = 0;
		};
/* End PBXSourcesBuildPhase section */

/* Begin PBXVariantGroup section */
		AFF652C1207D34E200672C79 /* Main.storyboard */ = {
			isa = PBXVariantGroup;
			children = (
				AFF652C2207D34E200672C79 /* Base */,
			);
			name = Main.storyboard;
			sourceTree = "<group>";
		};
		AFF652C9207D34E200672C79 /* LaunchScreen.storyboard */ = {
			isa = PBXVariantGroup;
			children = (
				AFF652CA207D34E200672C79 /* Base */,
			);
			name = LaunchScreen.storyboard;
			sourceTree = "<group>";
		};
/* End PBXVariantGroup section */

/* Begin XCBuildConfiguration section */
		AFF652CD207D34E200672C79 /* Debug */ = {
			isa = XCBuildConfiguration;
			buildSettings = {
				ALWAYS_SEARCH_USER_PATHS = NO;
				CLANG_ANALYZER_NONNULL = YES;
				CLANG_ANALYZER_NUMBER_OBJECT_CONVERSION = YES_AGGRESSIVE;
				CLANG_CXX_LANGUAGE_STANDARD = "gnu++14";
				CLANG_CXX_LIBRARY = "libc++";
				CLANG_ENABLE_MODULES = YES;
				CLANG_ENABLE_OBJC_ARC = YES;
				CLANG_WARN_BLOCK_CAPTURE_AUTORELEASING = YES;
				CLANG_WARN_BOOL_CONVERSION = YES;
				CLANG_WARN_COMMA = YES;
				CLANG_WARN_CONSTANT_CONVERSION = YES;
				CLANG_WARN_DIRECT_OBJC_ISA_USAGE = YES_ERROR;
				CLANG_WARN_DOCUMENTATION_COMMENTS = YES;
				CLANG_WARN_EMPTY_BODY = YES;
				CLANG_WARN_ENUM_CONVERSION = YES;
				CLANG_WARN_INFINITE_RECURSION = YES;
				CLANG_WARN_INT_CONVERSION = YES;
				CLANG_WARN_NON_LITERAL_NULL_CONVERSION = YES;
				CLANG_WARN_OBJC_LITERAL_CONVERSION = YES;
				CLANG_WARN_OBJC_ROOT_CLASS = YES_ERROR;
				CLANG_WARN_RANGE_LOOP_ANALYSIS = YES;
				CLANG_WARN_STRICT_PROTOTYPES = YES;
				CLANG_WARN_SUSPICIOUS_MOVE = YES;
				CLANG_WARN_UNGUARDED_AVAILABILITY = YES_AGGRESSIVE;
				CLANG_WARN_UNREACHABLE_CODE = YES;
				CLANG_WARN__DUPLICATE_METHOD_MATCH = YES;
				CODE_SIGN_IDENTITY = "iPhone Developer";
				COPY_PHASE_STRIP = NO;
				DEBUG_INFORMATION_FORMAT = dwarf;
				ENABLE_STRICT_OBJC_MSGSEND = YES;
				ENABLE_TESTABILITY = YES;
				GCC_C_LANGUAGE_STANDARD = gnu11;
				GCC_DYNAMIC_NO_PIC = NO;
				GCC_NO_COMMON_BLOCKS = YES;
				GCC_OPTIMIZATION_LEVEL = 0;
				GCC_PREPROCESSOR_DEFINITIONS = (
					"DEBUG=1",
					"$(inherited)",
				);
				GCC_WARN_64_TO_32_BIT_CONVERSION = YES;
				GCC_WARN_ABOUT_RETURN_TYPE = YES_ERROR;
				GCC_WARN_UNDECLARED_SELECTOR = YES;
				GCC_WARN_UNINITIALIZED_AUTOS = YES_AGGRESSIVE;
				GCC_WARN_UNUSED_FUNCTION = YES;
				GCC_WARN_UNUSED_VARIABLE = YES;
				IPHONEOS_DEPLOYMENT_TARGET = 11.2;
				MTL_ENABLE_DEBUG_INFO = YES;
				ONLY_ACTIVE_ARCH = YES;
				SDKROOT = iphoneos;
				SWIFT_ACTIVE_COMPILATION_CONDITIONS = DEBUG;
				SWIFT_OPTIMIZATION_LEVEL = "-Onone";
			};
			name = Debug;
		};
		AFF652CE207D34E200672C79 /* Release */ = {
			isa = XCBuildConfiguration;
			buildSettings = {
				ALWAYS_SEARCH_USER_PATHS = NO;
				CLANG_ANALYZER_NONNULL = YES;
				CLANG_ANALYZER_NUMBER_OBJECT_CONVERSION = YES_AGGRESSIVE;
				CLANG_CXX_LANGUAGE_STANDARD = "gnu++14";
				CLANG_CXX_LIBRARY = "libc++";
				CLANG_ENABLE_MODULES = YES;
				CLANG_ENABLE_OBJC_ARC = YES;
				CLANG_WARN_BLOCK_CAPTURE_AUTORELEASING = YES;
				CLANG_WARN_BOOL_CONVERSION = YES;
				CLANG_WARN_COMMA = YES;
				CLANG_WARN_CONSTANT_CONVERSION = YES;
				CLANG_WARN_DIRECT_OBJC_ISA_USAGE = YES_ERROR;
				CLANG_WARN_DOCUMENTATION_COMMENTS = YES;
				CLANG_WARN_EMPTY_BODY = YES;
				CLANG_WARN_ENUM_CONVERSION = YES;
				CLANG_WARN_INFINITE_RECURSION = YES;
				CLANG_WARN_INT_CONVERSION = YES;
				CLANG_WARN_NON_LITERAL_NULL_CONVERSION = YES;
				CLANG_WARN_OBJC_LITERAL_CONVERSION = YES;
				CLANG_WARN_OBJC_ROOT_CLASS = YES_ERROR;
				CLANG_WARN_RANGE_LOOP_ANALYSIS = YES;
				CLANG_WARN_STRICT_PROTOTYPES = YES;
				CLANG_WARN_SUSPICIOUS_MOVE = YES;
				CLANG_WARN_UNGUARDED_AVAILABILITY = YES_AGGRESSIVE;
				CLANG_WARN_UNREACHABLE_CODE = YES;
				CLANG_WARN__DUPLICATE_METHOD_MATCH = YES;
				CODE_SIGN_IDENTITY = "iPhone Developer";
				COPY_PHASE_STRIP = NO;
				DEBUG_INFORMATION_FORMAT = "dwarf-with-dsym";
				ENABLE_NS_ASSERTIONS = NO;
				ENABLE_STRICT_OBJC_MSGSEND = YES;
				GCC_C_LANGUAGE_STANDARD = gnu11;
				GCC_NO_COMMON_BLOCKS = YES;
				GCC_WARN_64_TO_32_BIT_CONVERSION = YES;
				GCC_WARN_ABOUT_RETURN_TYPE = YES_ERROR;
				GCC_WARN_UNDECLARED_SELECTOR = YES;
				GCC_WARN_UNINITIALIZED_AUTOS = YES_AGGRESSIVE;
				GCC_WARN_UNUSED_FUNCTION = YES;
				GCC_WARN_UNUSED_VARIABLE = YES;
				IPHONEOS_DEPLOYMENT_TARGET = 11.2;
				MTL_ENABLE_DEBUG_INFO = NO;
				SDKROOT = iphoneos;
				SWIFT_OPTIMIZATION_LEVEL = "-Owholemodule";
				VALIDATE_PRODUCT = YES;
			};
			name = Release;
		};
		AFF652D0207D34E200672C79 /* Debug */ = {
			isa = XCBuildConfiguration;
			buildSettings = {
				ASSETCATALOG_COMPILER_APPICON_NAME = AppIcon;
				CODE_SIGN_STYLE = Automatic;
				INFOPLIST_FILE = bezierPathPractice/Info.plist;
				LD_RUNPATH_SEARCH_PATHS = "$(inherited) @executable_path/Frameworks";
				PRODUCT_BUNDLE_IDENTIFIER = edu.nwmissouri.bezierPathPractice;
				PRODUCT_NAME = "$(TARGET_NAME)";
				SWIFT_VERSION = 4.0;
				TARGETED_DEVICE_FAMILY = "1,2";
			};
			name = Debug;
		};
		AFF652D1207D34E200672C79 /* Release */ = {
			isa = XCBuildConfiguration;
			buildSettings = {
				ASSETCATALOG_COMPILER_APPICON_NAME = AppIcon;
				CODE_SIGN_STYLE = Automatic;
				INFOPLIST_FILE = bezierPathPractice/Info.plist;
				LD_RUNPATH_SEARCH_PATHS = "$(inherited) @executable_path/Frameworks";
				PRODUCT_BUNDLE_IDENTIFIER = edu.nwmissouri.bezierPathPractice;
				PRODUCT_NAME = "$(TARGET_NAME)";
				SWIFT_VERSION = 4.0;
				TARGETED_DEVICE_FAMILY = "1,2";
			};
			name = Release;
		};
/* End XCBuildConfiguration section */

/* Begin XCConfigurationList section */
		AFF652B5207D34E200672C79 /* Build configuration list for PBXProject "bezierPathPractice" */ = {
			isa = XCConfigurationList;
			buildConfigurations = (
				AFF652CD207D34E200672C79 /* Debug */,
				AFF652CE207D34E200672C79 /* Release */,
			);
			defaultConfigurationIsVisible = 0;
			defaultConfigurationName = Release;
		};
		AFF652CF207D34E200672C79 /* Build configuration list for PBXNativeTarget "bezierPathPractice" */ = {
			isa = XCConfigurationList;
			buildConfigurations = (
				AFF652D0207D34E200672C79 /* Debug */,
				AFF652D1207D34E200672C79 /* Release */,
			);
			defaultConfigurationIsVisible = 0;
			defaultConfigurationName = Release;
		};
/* End XCConfigurationList section */

/* Begin XCVersionGroup section */
		AFF652C4207D34E200672C79 /* bezierPathPractice.xcdatamodeld */ = {
			isa = XCVersionGroup;
			children = (
				AFF652C5207D34E200672C79 /* bezierPathPractice.xcdatamodel */,
			);
			currentVersion = AFF652C5207D34E200672C79 /* bezierPathPractice.xcdatamodel */;
			path = bezierPathPractice.xcdatamodeld;
			sourceTree = "<group>";
			versionGroupType = wrapper.xcdatamodel;
		};
/* End XCVersionGroup section */
	};
	rootObject = AFF652B2207D34E200672C79 /* Project object */;
}
